// !$*UTF8*$!
{
	archiveVersion = 1;
	classes = {
	};
	objectVersion = 51;
	objects = {

/* Begin PBXBuildFile section */
		0396FA772CE728A13083296C /* Pods_MovieDetails.framework in Frameworks */ = {isa = PBXBuildFile; fileRef = DB554F7B3858E141AB0307C3 /* Pods_MovieDetails.framework */; };
		CACCD0512514A2E600C07AC4 /* AppDelegate.swift in Sources */ = {isa = PBXBuildFile; fileRef = CACCD0502514A2E600C07AC4 /* AppDelegate.swift */; };
		CACCD0532514A2E600C07AC4 /* SceneDelegate.swift in Sources */ = {isa = PBXBuildFile; fileRef = CACCD0522514A2E600C07AC4 /* SceneDelegate.swift */; };
		CACCD0552514A2E600C07AC4 /* MovieListViewController.swift in Sources */ = {isa = PBXBuildFile; fileRef = CACCD0542514A2E600C07AC4 /* MovieListViewController.swift */; };
		CACCD0582514A2E600C07AC4 /* Main.storyboard in Resources */ = {isa = PBXBuildFile; fileRef = CACCD0562514A2E600C07AC4 /* Main.storyboard */; };
		CACCD05A2514A2E700C07AC4 /* Assets.xcassets in Resources */ = {isa = PBXBuildFile; fileRef = CACCD0592514A2E700C07AC4 /* Assets.xcassets */; };
		CACCD05D2514A2E700C07AC4 /* LaunchScreen.storyboard in Resources */ = {isa = PBXBuildFile; fileRef = CACCD05B2514A2E700C07AC4 /* LaunchScreen.storyboard */; };
		CACCD0682514A2E700C07AC4 /* MovieDetailsTests.swift in Sources */ = {isa = PBXBuildFile; fileRef = CACCD0672514A2E700C07AC4 /* MovieDetailsTests.swift */; };
		CACCD0732514A67800C07AC4 /* NetworkClient.swift in Sources */ = {isa = PBXBuildFile; fileRef = CACCD0722514A67800C07AC4 /* NetworkClient.swift */; };
		CACCD0752514A7DB00C07AC4 /* Movie.swift in Sources */ = {isa = PBXBuildFile; fileRef = CACCD0742514A7DB00C07AC4 /* Movie.swift */; };
		CACCD0772514B0C400C07AC4 /* MovieCell.swift in Sources */ = {isa = PBXBuildFile; fileRef = CACCD0762514B0C400C07AC4 /* MovieCell.swift */; };
		CACCD0792514B44500C07AC4 /* MovieDetailViewController.swift in Sources */ = {isa = PBXBuildFile; fileRef = CACCD0782514B44500C07AC4 /* MovieDetailViewController.swift */; };
		F12F91DD89235A02BBD6207C /* Pods_MovieDetailsTests.framework in Frameworks */ = {isa = PBXBuildFile; fileRef = 0CBA9BF842D92AC2F5D47674 /* Pods_MovieDetailsTests.framework */; };
/* End PBXBuildFile section */

/* Begin PBXContainerItemProxy section */
		CACCD0642514A2E700C07AC4 /* PBXContainerItemProxy */ = {
			isa = PBXContainerItemProxy;
			containerPortal = CACCD0452514A2E600C07AC4 /* Project object */;
			proxyType = 1;
			remoteGlobalIDString = CACCD04C2514A2E600C07AC4;
			remoteInfo = MovieDetails;
		};
/* End PBXContainerItemProxy section */

/* Begin PBXFileReference section */
		075CA0CB28B89A3E6E536160 /* Pods-MovieDetails.release.xcconfig */ = {isa = PBXFileReference; includeInIndex = 1; lastKnownFileType = text.xcconfig; name = "Pods-MovieDetails.release.xcconfig"; path = "Target Support Files/Pods-MovieDetails/Pods-MovieDetails.release.xcconfig"; sourceTree = "<group>"; };
		0A65959D48ACC8637E9D55B0 /* Pods-MovieDetailsTests.debug.xcconfig */ = {isa = PBXFileReference; includeInIndex = 1; lastKnownFileType = text.xcconfig; name = "Pods-MovieDetailsTests.debug.xcconfig"; path = "Target Support Files/Pods-MovieDetailsTests/Pods-MovieDetailsTests.debug.xcconfig"; sourceTree = "<group>"; };
		0CBA9BF842D92AC2F5D47674 /* Pods_MovieDetailsTests.framework */ = {isa = PBXFileReference; explicitFileType = wrapper.framework; includeInIndex = 0; path = Pods_MovieDetailsTests.framework; sourceTree = BUILT_PRODUCTS_DIR; };
		2744B3DAA85F91BCA8B9C1A7 /* Pods-MovieDetailsTests.release.xcconfig */ = {isa = PBXFileReference; includeInIndex = 1; lastKnownFileType = text.xcconfig; name = "Pods-MovieDetailsTests.release.xcconfig"; path = "Target Support Files/Pods-MovieDetailsTests/Pods-MovieDetailsTests.release.xcconfig"; sourceTree = "<group>"; };
		3D04FA3C0FB4A19C109B3590 /* Pods-MovieDetails.debug.xcconfig */ = {isa = PBXFileReference; includeInIndex = 1; lastKnownFileType = text.xcconfig; name = "Pods-MovieDetails.debug.xcconfig"; path = "Target Support Files/Pods-MovieDetails/Pods-MovieDetails.debug.xcconfig"; sourceTree = "<group>"; };
		CACCD04D2514A2E600C07AC4 /* MovieDetails.app */ = {isa = PBXFileReference; explicitFileType = wrapper.application; includeInIndex = 0; path = MovieDetails.app; sourceTree = BUILT_PRODUCTS_DIR; };
		CACCD0502514A2E600C07AC4 /* AppDelegate.swift */ = {isa = PBXFileReference; lastKnownFileType = sourcecode.swift; path = AppDelegate.swift; sourceTree = "<group>"; };
		CACCD0522514A2E600C07AC4 /* SceneDelegate.swift */ = {isa = PBXFileReference; lastKnownFileType = sourcecode.swift; path = SceneDelegate.swift; sourceTree = "<group>"; };
		CACCD0542514A2E600C07AC4 /* MovieListViewController.swift */ = {isa = PBXFileReference; lastKnownFileType = sourcecode.swift; path = MovieListViewController.swift; sourceTree = "<group>"; };
		CACCD0572514A2E600C07AC4 /* Base */ = {isa = PBXFileReference; lastKnownFileType = file.storyboard; name = Base; path = Base.lproj/Main.storyboard; sourceTree = "<group>"; };
		CACCD0592514A2E700C07AC4 /* Assets.xcassets */ = {isa = PBXFileReference; lastKnownFileType = folder.assetcatalog; path = Assets.xcassets; sourceTree = "<group>"; };
		CACCD05C2514A2E700C07AC4 /* Base */ = {isa = PBXFileReference; lastKnownFileType = file.storyboard; name = Base; path = Base.lproj/LaunchScreen.storyboard; sourceTree = "<group>"; };
		CACCD05E2514A2E700C07AC4 /* Info.plist */ = {isa = PBXFileReference; lastKnownFileType = text.plist.xml; path = Info.plist; sourceTree = "<group>"; };
		CACCD0632514A2E700C07AC4 /* MovieDetailsTests.xctest */ = {isa = PBXFileReference; explicitFileType = wrapper.cfbundle; includeInIndex = 0; path = MovieDetailsTests.xctest; sourceTree = BUILT_PRODUCTS_DIR; };
		CACCD0672514A2E700C07AC4 /* MovieDetailsTests.swift */ = {isa = PBXFileReference; lastKnownFileType = sourcecode.swift; path = MovieDetailsTests.swift; sourceTree = "<group>"; };
		CACCD0692514A2E700C07AC4 /* Info.plist */ = {isa = PBXFileReference; lastKnownFileType = text.plist.xml; path = Info.plist; sourceTree = "<group>"; };
		CACCD0722514A67800C07AC4 /* NetworkClient.swift */ = {isa = PBXFileReference; fileEncoding = 4; lastKnownFileType = sourcecode.swift; path = NetworkClient.swift; sourceTree = "<group>"; };
		CACCD0742514A7DB00C07AC4 /* Movie.swift */ = {isa = PBXFileReference; lastKnownFileType = sourcecode.swift; path = Movie.swift; sourceTree = "<group>"; };
		CACCD0762514B0C400C07AC4 /* MovieCell.swift */ = {isa = PBXFileReference; lastKnownFileType = sourcecode.swift; path = MovieCell.swift; sourceTree = "<group>"; };
		CACCD0782514B44500C07AC4 /* MovieDetailViewController.swift */ = {isa = PBXFileReference; lastKnownFileType = sourcecode.swift; path = MovieDetailViewController.swift; sourceTree = "<group>"; };
		DB554F7B3858E141AB0307C3 /* Pods_MovieDetails.framework */ = {isa = PBXFileReference; explicitFileType = wrapper.framework; includeInIndex = 0; path = Pods_MovieDetails.framework; sourceTree = BUILT_PRODUCTS_DIR; };
/* End PBXFileReference section */

/* Begin PBXFrameworksBuildPhase section */
		CACCD04A2514A2E600C07AC4 /* Frameworks */ = {
			isa = PBXFrameworksBuildPhase;
			buildActionMask = 2147483647;
			files = (
				0396FA772CE728A13083296C /* Pods_MovieDetails.framework in Frameworks */,
			);
			runOnlyForDeploymentPostprocessing = 0;
		};
		CACCD0602514A2E700C07AC4 /* Frameworks */ = {
			isa = PBXFrameworksBuildPhase;
			buildActionMask = 2147483647;
			files = (
				F12F91DD89235A02BBD6207C /* Pods_MovieDetailsTests.framework in Frameworks */,
			);
			runOnlyForDeploymentPostprocessing = 0;
		};
/* End PBXFrameworksBuildPhase section */

/* Begin PBXGroup section */
		A6E099202AE4F077009C9055 /* Pods */ = {
			isa = PBXGroup;
			children = (
				3D04FA3C0FB4A19C109B3590 /* Pods-MovieDetails.debug.xcconfig */,
				075CA0CB28B89A3E6E536160 /* Pods-MovieDetails.release.xcconfig */,
				0A65959D48ACC8637E9D55B0 /* Pods-MovieDetailsTests.debug.xcconfig */,
				2744B3DAA85F91BCA8B9C1A7 /* Pods-MovieDetailsTests.release.xcconfig */,
			);
			path = Pods;
			sourceTree = "<group>";
		};
		CACCD0442514A2E600C07AC4 = {
			isa = PBXGroup;
			children = (
				CACCD04F2514A2E600C07AC4 /* MovieDetails */,
				CACCD0662514A2E700C07AC4 /* MovieDetailsTests */,
				CACCD04E2514A2E600C07AC4 /* Products */,
				A6E099202AE4F077009C9055 /* Pods */,
				E8CC8D7FF4572960A88CBE63 /* Frameworks */,
			);
			sourceTree = "<group>";
		};
		CACCD04E2514A2E600C07AC4 /* Products */ = {
			isa = PBXGroup;
			children = (
				CACCD04D2514A2E600C07AC4 /* MovieDetails.app */,
				CACCD0632514A2E700C07AC4 /* MovieDetailsTests.xctest */,
			);
			name = Products;
			sourceTree = "<group>";
		};
		CACCD04F2514A2E600C07AC4 /* MovieDetails */ = {
			isa = PBXGroup;
			children = (
				CACCD0502514A2E600C07AC4 /* AppDelegate.swift */,
				CACCD0522514A2E600C07AC4 /* SceneDelegate.swift */,
				CACCD07A2514C67400C07AC4 /* Model */,
				CACCD07B2514C67F00C07AC4 /* Controllers */,
				CACCD07C2514C69300C07AC4 /* View */,
				CACCD0762514B0C400C07AC4 /* MovieCell.swift */,
				CACCD07D2514C6C100C07AC4 /* Network */,
				CACCD0592514A2E700C07AC4 /* Assets.xcassets */,
				CACCD05E2514A2E700C07AC4 /* Info.plist */,
			);
			path = MovieDetails;
			sourceTree = "<group>";
		};
		CACCD0662514A2E700C07AC4 /* MovieDetailsTests */ = {
			isa = PBXGroup;
			children = (
				CACCD0672514A2E700C07AC4 /* MovieDetailsTests.swift */,
				CACCD0692514A2E700C07AC4 /* Info.plist */,
			);
			path = MovieDetailsTests;
			sourceTree = "<group>";
		};
		CACCD07A2514C67400C07AC4 /* Model */ = {
			isa = PBXGroup;
			children = (
				CACCD0742514A7DB00C07AC4 /* Movie.swift */,
			);
			path = Model;
			sourceTree = "<group>";
		};
		CACCD07B2514C67F00C07AC4 /* Controllers */ = {
			isa = PBXGroup;
			children = (
				CACCD0542514A2E600C07AC4 /* MovieListViewController.swift */,
				CACCD0782514B44500C07AC4 /* MovieDetailViewController.swift */,
			);
			path = Controllers;
			sourceTree = "<group>";
		};
		CACCD07C2514C69300C07AC4 /* View */ = {
			isa = PBXGroup;
			children = (
				CACCD0562514A2E600C07AC4 /* Main.storyboard */,
				CACCD05B2514A2E700C07AC4 /* LaunchScreen.storyboard */,
			);
			path = View;
			sourceTree = "<group>";
		};
		CACCD07D2514C6C100C07AC4 /* Network */ = {
			isa = PBXGroup;
			children = (
				CACCD0722514A67800C07AC4 /* NetworkClient.swift */,
			);
			path = Network;
			sourceTree = "<group>";
		};
		E8CC8D7FF4572960A88CBE63 /* Frameworks */ = {
			isa = PBXGroup;
			children = (
				DB554F7B3858E141AB0307C3 /* Pods_MovieDetails.framework */,
				0CBA9BF842D92AC2F5D47674 /* Pods_MovieDetailsTests.framework */,
			);
			name = Frameworks;
			sourceTree = "<group>";
		};
/* End PBXGroup section */

/* Begin PBXNativeTarget section */
		CACCD04C2514A2E600C07AC4 /* MovieDetails */ = {
			isa = PBXNativeTarget;
			buildConfigurationList = CACCD06C2514A2E700C07AC4 /* Build configuration list for PBXNativeTarget "MovieDetails" */;
			buildPhases = (
				9CB1D32DD2FA1173AF5B205F /* [CP] Check Pods Manifest.lock */,
				CACCD0492514A2E600C07AC4 /* Sources */,
				CACCD04A2514A2E600C07AC4 /* Frameworks */,
				CACCD04B2514A2E600C07AC4 /* Resources */,
				06F648CD921C14731D6FBCF0 /* [CP] Embed Pods Frameworks */,
			);
			buildRules = (
			);
			dependencies = (
			);
			name = MovieDetails;
			productName = MovieDetails;
			productReference = CACCD04D2514A2E600C07AC4 /* MovieDetails.app */;
			productType = "com.apple.product-type.application";
		};
		CACCD0622514A2E700C07AC4 /* MovieDetailsTests */ = {
			isa = PBXNativeTarget;
			buildConfigurationList = CACCD06F2514A2E700C07AC4 /* Build configuration list for PBXNativeTarget "MovieDetailsTests" */;
			buildPhases = (
				56319FB80D5F87BBD6C48724 /* [CP] Check Pods Manifest.lock */,
				CACCD05F2514A2E700C07AC4 /* Sources */,
				CACCD0602514A2E700C07AC4 /* Frameworks */,
				CACCD0612514A2E700C07AC4 /* Resources */,
			);
			buildRules = (
			);
			dependencies = (
				CACCD0652514A2E700C07AC4 /* PBXTargetDependency */,
			);
			name = MovieDetailsTests;
			productName = MovieDetailsTests;
			productReference = CACCD0632514A2E700C07AC4 /* MovieDetailsTests.xctest */;
			productType = "com.apple.product-type.bundle.unit-test";
		};
/* End PBXNativeTarget section */

/* Begin PBXProject section */
		CACCD0452514A2E600C07AC4 /* Project object */ = {
			isa = PBXProject;
			attributes = {
				LastSwiftUpdateCheck = 1160;
				LastUpgradeCheck = 1160;
				ORGANIZATIONNAME = Guru;
				TargetAttributes = {
					CACCD04C2514A2E600C07AC4 = {
						CreatedOnToolsVersion = 11.6;
					};
					CACCD0622514A2E700C07AC4 = {
						CreatedOnToolsVersion = 11.6;
						TestTargetID = CACCD04C2514A2E600C07AC4;
					};
				};
			};
			buildConfigurationList = CACCD0482514A2E600C07AC4 /* Build configuration list for PBXProject "MovieDetails" */;
			compatibilityVersion = "Xcode 9.3";
			developmentRegion = en;
			hasScannedForEncodings = 0;
			knownRegions = (
				en,
				Base,
			);
			mainGroup = CACCD0442514A2E600C07AC4;
			productRefGroup = CACCD04E2514A2E600C07AC4 /* Products */;
			projectDirPath = "";
			projectRoot = "";
			targets = (
				CACCD04C2514A2E600C07AC4 /* MovieDetails */,
				CACCD0622514A2E700C07AC4 /* MovieDetailsTests */,
			);
		};
/* End PBXProject section */

/* Begin PBXResourcesBuildPhase section */
		CACCD04B2514A2E600C07AC4 /* Resources */ = {
			isa = PBXResourcesBuildPhase;
			buildActionMask = 2147483647;
			files = (
				CACCD05D2514A2E700C07AC4 /* LaunchScreen.storyboard in Resources */,
				CACCD05A2514A2E700C07AC4 /* Assets.xcassets in Resources */,
				CACCD0582514A2E600C07AC4 /* Main.storyboard in Resources */,
			);
			runOnlyForDeploymentPostprocessing = 0;
		};
		CACCD0612514A2E700C07AC4 /* Resources */ = {
			isa = PBXResourcesBuildPhase;
			buildActionMask = 2147483647;
			files = (
			);
			runOnlyForDeploymentPostprocessing = 0;
		};
/* End PBXResourcesBuildPhase section */

/* Begin PBXShellScriptBuildPhase section */
		06F648CD921C14731D6FBCF0 /* [CP] Embed Pods Frameworks */ = {
			isa = PBXShellScriptBuildPhase;
			buildActionMask = 2147483647;
			files = (
			);
			inputFileListPaths = (
				"${PODS_ROOT}/Target Support Files/Pods-MovieDetails/Pods-MovieDetails-frameworks-${CONFIGURATION}-input-files.xcfilelist",
			);
			name = "[CP] Embed Pods Frameworks";
			outputFileListPaths = (
				"${PODS_ROOT}/Target Support Files/Pods-MovieDetails/Pods-MovieDetails-frameworks-${CONFIGURATION}-output-files.xcfilelist",
			);
			runOnlyForDeploymentPostprocessing = 0;
			shellPath = /bin/sh;
			shellScript = "\"${PODS_ROOT}/Target Support Files/Pods-MovieDetails/Pods-MovieDetails-frameworks.sh\"\n";
			showEnvVarsInLog = 0;
		};
		56319FB80D5F87BBD6C48724 /* [CP] Check Pods Manifest.lock */ = {
			isa = PBXShellScriptBuildPhase;
			buildActionMask = 2147483647;
			files = (
			);
			inputFileListPaths = (
			);
			inputPaths = (
				"${PODS_PODFILE_DIR_PATH}/Podfile.lock",
				"${PODS_ROOT}/Manifest.lock",
			);
			name = "[CP] Check Pods Manifest.lock";
			outputFileListPaths = (
			);
			outputPaths = (
				"$(DERIVED_FILE_DIR)/Pods-MovieDetailsTests-checkManifestLockResult.txt",
			);
			runOnlyForDeploymentPostprocessing = 0;
			shellPath = /bin/sh;
			shellScript = "diff \"${PODS_PODFILE_DIR_PATH}/Podfile.lock\" \"${PODS_ROOT}/Manifest.lock\" > /dev/null\nif [ $? != 0 ] ; then\n    # print error to STDERR\n    echo \"error: The sandbox is not in sync with the Podfile.lock. Run 'pod install' or update your CocoaPods installation.\" >&2\n    exit 1\nfi\n# This output is used by Xcode 'outputs' to avoid re-running this script phase.\necho \"SUCCESS\" > \"${SCRIPT_OUTPUT_FILE_0}\"\n";
			showEnvVarsInLog = 0;
		};
		9CB1D32DD2FA1173AF5B205F /* [CP] Check Pods Manifest.lock */ = {
			isa = PBXShellScriptBuildPhase;
			buildActionMask = 2147483647;
			files = (
			);
			inputFileListPaths = (
			);
			inputPaths = (
				"${PODS_PODFILE_DIR_PATH}/Podfile.lock",
				"${PODS_ROOT}/Manifest.lock",
			);
			name = "[CP] Check Pods Manifest.lock";
			outputFileListPaths = (
			);
			outputPaths = (
				"$(DERIVED_FILE_DIR)/Pods-MovieDetails-checkManifestLockResult.txt",
			);
			runOnlyForDeploymentPostprocessing = 0;
			shellPath = /bin/sh;
			shellScript = "diff \"${PODS_PODFILE_DIR_PATH}/Podfile.lock\" \"${PODS_ROOT}/Manifest.lock\" > /dev/null\nif [ $? != 0 ] ; then\n    # print error to STDERR\n    echo \"error: The sandbox is not in sync with the Podfile.lock. Run 'pod install' or update your CocoaPods installation.\" >&2\n    exit 1\nfi\n# This output is used by Xcode 'outputs' to avoid re-running this script phase.\necho \"SUCCESS\" > \"${SCRIPT_OUTPUT_FILE_0}\"\n";
			showEnvVarsInLog = 0;
		};
/* End PBXShellScriptBuildPhase section */

/* Begin PBXSourcesBuildPhase section */
		CACCD0492514A2E600C07AC4 /* Sources */ = {
			isa = PBXSourcesBuildPhase;
			buildActionMask = 2147483647;
			files = (
				CACCD0552514A2E600C07AC4 /* MovieListViewController.swift in Sources */,
				CACCD0732514A67800C07AC4 /* NetworkClient.swift in Sources */,
				CACCD0772514B0C400C07AC4 /* MovieCell.swift in Sources */,
				CACCD0512514A2E600C07AC4 /* AppDelegate.swift in Sources */,
				CACCD0792514B44500C07AC4 /* MovieDetailViewController.swift in Sources */,
				CACCD0752514A7DB00C07AC4 /* Movie.swift in Sources */,
				CACCD0532514A2E600C07AC4 /* SceneDelegate.swift in Sources */,
			);
			runOnlyForDeploymentPostprocessing = 0;
		};
		CACCD05F2514A2E700C07AC4 /* Sources */ = {
			isa = PBXSourcesBuildPhase;
			buildActionMask = 2147483647;
			files = (
				CACCD0682514A2E700C07AC4 /* MovieDetailsTests.swift in Sources */,
			);
			runOnlyForDeploymentPostprocessing = 0;
		};
/* End PBXSourcesBuildPhase section */

/* Begin PBXTargetDependency section */
		CACCD0652514A2E700C07AC4 /* PBXTargetDependency */ = {
			isa = PBXTargetDependency;
			target = CACCD04C2514A2E600C07AC4 /* MovieDetails */;
			targetProxy = CACCD0642514A2E700C07AC4 /* PBXContainerItemProxy */;
		};
/* End PBXTargetDependency section */

/* Begin PBXVariantGroup section */
		CACCD0562514A2E600C07AC4 /* Main.storyboard */ = {
			isa = PBXVariantGroup;
			children = (
				CACCD0572514A2E600C07AC4 /* Base */,
			);
			name = Main.storyboard;
			sourceTree = "<group>";
		};
		CACCD05B2514A2E700C07AC4 /* LaunchScreen.storyboard */ = {
			isa = PBXVariantGroup;
			children = (
				CACCD05C2514A2E700C07AC4 /* Base */,
			);
			name = LaunchScreen.storyboard;
			sourceTree = "<group>";
		};
/* End PBXVariantGroup section */

/* Begin XCBuildConfiguration section */
		CACCD06A2514A2E700C07AC4 /* Debug */ = {
			isa = XCBuildConfiguration;
			buildSettings = {
				ALWAYS_SEARCH_USER_PATHS = NO;
				CLANG_ANALYZER_NONNULL = YES;
				CLANG_ANALYZER_NUMBER_OBJECT_CONVERSION = YES_AGGRESSIVE;
				CLANG_CXX_LANGUAGE_STANDARD = "gnu++14";
				CLANG_CXX_LIBRARY = "libc++";
				CLANG_ENABLE_MODULES = YES;
				CLANG_ENABLE_OBJC_ARC = YES;
				CLANG_ENABLE_OBJC_WEAK = YES;
				CLANG_WARN_BLOCK_CAPTURE_AUTORELEASING = YES;
				CLANG_WARN_BOOL_CONVERSION = YES;
				CLANG_WARN_COMMA = YES;
				CLANG_WARN_CONSTANT_CONVERSION = YES;
				CLANG_WARN_DEPRECATED_OBJC_IMPLEMENTATIONS = YES;
				CLANG_WARN_DIRECT_OBJC_ISA_USAGE = YES_ERROR;
				CLANG_WARN_DOCUMENTATION_COMMENTS = YES;
				CLANG_WARN_EMPTY_BODY = YES;
				CLANG_WARN_ENUM_CONVERSION = YES;
				CLANG_WARN_INFINITE_RECURSION = YES;
				CLANG_WARN_INT_CONVERSION = YES;
				CLANG_WARN_NON_LITERAL_NULL_CONVERSION = YES;
				CLANG_WARN_OBJC_IMPLICIT_RETAIN_SELF = YES;
				CLANG_WARN_OBJC_LITERAL_CONVERSION = YES;
				CLANG_WARN_OBJC_ROOT_CLASS = YES_ERROR;
				CLANG_WARN_RANGE_LOOP_ANALYSIS = YES;
				CLANG_WARN_STRICT_PROTOTYPES = YES;
				CLANG_WARN_SUSPICIOUS_MOVE = YES;
				CLANG_WARN_UNGUARDED_AVAILABILITY = YES_AGGRESSIVE;
				CLANG_WARN_UNREACHABLE_CODE = YES;
				CLANG_WARN__DUPLICATE_METHOD_MATCH = YES;
				COPY_PHASE_STRIP = NO;
				DEBUG_INFORMATION_FORMAT = dwarf;
				ENABLE_STRICT_OBJC_MSGSEND = YES;
				ENABLE_TESTABILITY = YES;
				GCC_C_LANGUAGE_STANDARD = gnu11;
				GCC_DYNAMIC_NO_PIC = NO;
				GCC_NO_COMMON_BLOCKS = YES;
				GCC_OPTIMIZATION_LEVEL = 0;
				GCC_PREPROCESSOR_DEFINITIONS = (
					"DEBUG=1",
					"$(inherited)",
				);
				GCC_WARN_64_TO_32_BIT_CONVERSION = YES;
				GCC_WARN_ABOUT_RETURN_TYPE = YES_ERROR;
				GCC_WARN_UNDECLARED_SELECTOR = YES;
				GCC_WARN_UNINITIALIZED_AUTOS = YES_AGGRESSIVE;
				GCC_WARN_UNUSED_FUNCTION = YES;
				GCC_WARN_UNUSED_VARIABLE = YES;
				IPHONEOS_DEPLOYMENT_TARGET = 13.6;
				MTL_ENABLE_DEBUG_INFO = INCLUDE_SOURCE;
				MTL_FAST_MATH = YES;
				ONLY_ACTIVE_ARCH = YES;
				SDKROOT = iphoneos;
				SWIFT_ACTIVE_COMPILATION_CONDITIONS = DEBUG;
				SWIFT_OPTIMIZATION_LEVEL = "-Onone";
			};
			name = Debug;
		};
		CACCD06B2514A2E700C07AC4 /* Release */ = {
			isa = XCBuildConfiguration;
			buildSettings = {
				ALWAYS_SEARCH_USER_PATHS = NO;
				CLANG_ANALYZER_NONNULL = YES;
				CLANG_ANALYZER_NUMBER_OBJECT_CONVERSION = YES_AGGRESSIVE;
				CLANG_CXX_LANGUAGE_STANDARD = "gnu++14";
				CLANG_CXX_LIBRARY = "libc++";
				CLANG_ENABLE_MODULES = YES;
				CLANG_ENABLE_OBJC_ARC = YES;
				CLANG_ENABLE_OBJC_WEAK = YES;
				CLANG_WARN_BLOCK_CAPTURE_AUTORELEASING = YES;
				CLANG_WARN_BOOL_CONVERSION = YES;
				CLANG_WARN_COMMA = YES;
				CLANG_WARN_CONSTANT_CONVERSION = YES;
				CLANG_WARN_DEPRECATED_OBJC_IMPLEMENTATIONS = YES;
				CLANG_WARN_DIRECT_OBJC_ISA_USAGE = YES_ERROR;
				CLANG_WARN_DOCUMENTATION_COMMENTS = YES;
				CLANG_WARN_EMPTY_BODY = YES;
				CLANG_WARN_ENUM_CONVERSION = YES;
				CLANG_WARN_INFINITE_RECURSION = YES;
				CLANG_WARN_INT_CONVERSION = YES;
				CLANG_WARN_NON_LITERAL_NULL_CONVERSION = YES;
				CLANG_WARN_OBJC_IMPLICIT_RETAIN_SELF = YES;
				CLANG_WARN_OBJC_LITERAL_CONVERSION = YES;
				CLANG_WARN_OBJC_ROOT_CLASS = YES_ERROR;
				CLANG_WARN_RANGE_LOOP_ANALYSIS = YES;
				CLANG_WARN_STRICT_PROTOTYPES = YES;
				CLANG_WARN_SUSPICIOUS_MOVE = YES;
				CLANG_WARN_UNGUARDED_AVAILABILITY = YES_AGGRESSIVE;
				CLANG_WARN_UNREACHABLE_CODE = YES;
				CLANG_WARN__DUPLICATE_METHOD_MATCH = YES;
				COPY_PHASE_STRIP = NO;
				DEBUG_INFORMATION_FORMAT = "dwarf-with-dsym";
				ENABLE_NS_ASSERTIONS = NO;
				ENABLE_STRICT_OBJC_MSGSEND = YES;
				GCC_C_LANGUAGE_STANDARD = gnu11;
				GCC_NO_COMMON_BLOCKS = YES;
				GCC_WARN_64_TO_32_BIT_CONVERSION = YES;
				GCC_WARN_ABOUT_RETURN_TYPE = YES_ERROR;
				GCC_WARN_UNDECLARED_SELECTOR = YES;
				GCC_WARN_UNINITIALIZED_AUTOS = YES_AGGRESSIVE;
				GCC_WARN_UNUSED_FUNCTION = YES;
				GCC_WARN_UNUSED_VARIABLE = YES;
				IPHONEOS_DEPLOYMENT_TARGET = 13.6;
				MTL_ENABLE_DEBUG_INFO = NO;
				MTL_FAST_MATH = YES;
				SDKROOT = iphoneos;
				SWIFT_COMPILATION_MODE = wholemodule;
				SWIFT_OPTIMIZATION_LEVEL = "-O";
				VALIDATE_PRODUCT = YES;
			};
			name = Release;
		};
		CACCD06D2514A2E700C07AC4 /* Debug */ = {
			isa = XCBuildConfiguration;
			baseConfigurationReference = 3D04FA3C0FB4A19C109B3590 /* Pods-MovieDetails.debug.xcconfig */;
			buildSettings = {
				ASSETCATALOG_COMPILER_APPICON_NAME = AppIcon;
				CODE_SIGN_STYLE = Automatic;
				DEVELOPMENT_TEAM = VX55JPQCCN;
				INFOPLIST_FILE = MovieDetails/Info.plist;
				LD_RUNPATH_SEARCH_PATHS = (
					"$(inherited)",
					"@executable_path/Frameworks",
				);
				PRODUCT_BUNDLE_IDENTIFIER = com.guru.MovieDetails;
				PRODUCT_NAME = "$(TARGET_NAME)";
				SWIFT_VERSION = 5.0;
				TARGETED_DEVICE_FAMILY = "1,2";
			};
			name = Debug;
		};
		CACCD06E2514A2E700C07AC4 /* Release */ = {
			isa = XCBuildConfiguration;
			baseConfigurationReference = 075CA0CB28B89A3E6E536160 /* Pods-MovieDetails.release.xcconfig */;
			buildSettings = {
				ASSETCATALOG_COMPILER_APPICON_NAME = AppIcon;
				CODE_SIGN_STYLE = Automatic;
				DEVELOPMENT_TEAM = VX55JPQCCN;
				INFOPLIST_FILE = MovieDetails/Info.plist;
				LD_RUNPATH_SEARCH_PATHS = (
					"$(inherited)",
					"@executable_path/Frameworks",
				);
				PRODUCT_BUNDLE_IDENTIFIER = com.guru.MovieDetails;
				PRODUCT_NAME = "$(TARGET_NAME)";
				SWIFT_VERSION = 5.0;
				TARGETED_DEVICE_FAMILY = "1,2";
			};
			name = Release;
		};
		CACCD0702514A2E700C07AC4 /* Debug */ = {
			isa = XCBuildConfiguration;
			baseConfigurationReference = 0A65959D48ACC8637E9D55B0 /* Pods-MovieDetailsTests.debug.xcconfig */;
			buildSettings = {
				ALWAYS_EMBED_SWIFT_STANDARD_LIBRARIES = YES;
				BUNDLE_LOADER = "$(TEST_HOST)";
				CODE_SIGN_STYLE = Automatic;
				DEVELOPMENT_TEAM = VX55JPQCCN;
				INFOPLIST_FILE = MovieDetailsTests/Info.plist;
				IPHONEOS_DEPLOYMENT_TARGET = 13.6;
				LD_RUNPATH_SEARCH_PATHS = (
					"$(inherited)",
					"@executable_path/Frameworks",
					"@loader_path/Frameworks",
				);
				PRODUCT_BUNDLE_IDENTIFIER = com.guru.MovieDetailsTests;
				PRODUCT_NAME = "$(TARGET_NAME)";
				SWIFT_VERSION = 5.0;
				TARGETED_DEVICE_FAMILY = "1,2";
				TEST_HOST = "$(BUILT_PRODUCTS_DIR)/MovieDetails.app/MovieDetails";
			};
			name = Debug;
		};
		CACCD0712514A2E700C07AC4 /* Release */ = {
			isa = XCBuildConfiguration;
			baseConfigurationReference = 2744B3DAA85F91BCA8B9C1A7 /* Pods-MovieDetailsTests.release.xcconfig */;
			buildSettings = {
				ALWAYS_EMBED_SWIFT_STANDARD_LIBRARIES = YES;
				BUNDLE_LOADER = "$(TEST_HOST)";
				CODE_SIGN_STYLE = Automatic;
				DEVELOPMENT_TEAM = VX55JPQCCN;
				INFOPLIST_FILE = MovieDetailsTests/Info.plist;
				IPHONEOS_DEPLOYMENT_TARGET = 13.6;
				LD_RUNPATH_SEARCH_PATHS = (
					"$(inherited)",
					"@executable_path/Frameworks",
					"@loader_path/Frameworks",
				);
				PRODUCT_BUNDLE_IDENTIFIER = com.guru.MovieDetailsTests;
				PRODUCT_NAME = "$(TARGET_NAME)";
				SWIFT_VERSION = 5.0;
				TARGETED_DEVICE_FAMILY = "1,2";
				TEST_HOST = "$(BUILT_PRODUCTS_DIR)/MovieDetails.app/MovieDetails";
			};
			name = Release;
		};
/* End XCBuildConfiguration section */

/* Begin XCConfigurationList section */
		CACCD0482514A2E600C07AC4 /* Build configuration list for PBXProject "MovieDetails" */ = {
			isa = XCConfigurationList;
			buildConfigurations = (
				CACCD06A2514A2E700C07AC4 /* Debug */,
				CACCD06B2514A2E700C07AC4 /* Release */,
			);
			defaultConfigurationIsVisible = 0;
			defaultConfigurationName = Release;
		};
		CACCD06C2514A2E700C07AC4 /* Build configuration list for PBXNativeTarget "MovieDetails" */ = {
			isa = XCConfigurationList;
			buildConfigurations = (
				CACCD06D2514A2E700C07AC4 /* Debug */,
				CACCD06E2514A2E700C07AC4 /* Release */,
			);
			defaultConfigurationIsVisible = 0;
			defaultConfigurationName = Release;
		};
		CACCD06F2514A2E700C07AC4 /* Build configuration list for PBXNativeTarget "MovieDetailsTests" */ = {
			isa = XCConfigurationList;
			buildConfigurations = (
				CACCD0702514A2E700C07AC4 /* Debug */,
				CACCD0712514A2E700C07AC4 /* Release */,
			);
			defaultConfigurationIsVisible = 0;
			defaultConfigurationName = Release;
		};
/* End XCConfigurationList section */
	};
	rootObject = CACCD0452514A2E600C07AC4 /* Project object */;
}
